github.com/hashicorp/errwrap v1.0.0 h1:hLrqtEDnRye3+sgx6z4qVLNuviH3MR5aQ0ykNJa/UYA=
github.com/hashicorp/errwrap v1.0.0/go.mod h1:YH+1FKiLXxHSkmPseP+kNlulaMuP3n2brvKWEqk/Jc4=
github.com/hashicorp/go-multierror v1.0.0 h1:iVjPR7a6H0tWELX5NxNe7bYopibicUzc7uPribsnS6o=
github.com/hashicorp/go-multierror v1.0.0/go.mod h1:dHtQlpGsu+cZNNAkkCN/P3hoUDHhCYQXV3UM06sGGrk=
github.com/mattn/go-isatty v0.0.4 h1:bnP0vzxcAdeI1zdubAl5PjU6zsERjGZb7raWodagDYs=
github.com/mattn/go-isatty v0.0.4/go.mod h1:M+lRXTBqGeGNdLjl/ufCoiOlB5xdOkqRJdNxMWT7Zi4=
github.com/msolo/cmdflag v0.0.0-20190103065225-b1146e262370 h1:D0mlAW9CXqF1b3hHOwDtCCbR6Q6Z6Jz+a17bhRACxHo=
github.com/msolo/cmdflag v0.0.0-20190103065225-b1146e262370/go.mod h1:Iufj4HA13ozsUxojKnhbYUUNQ8wPk5jJM6jUOcf5yzA=
github.com/msolo/go-bis/flock v0.0.0-20181224211903-b2ed2714c115 h1:OgWzBD1PkrTK7EF1xl6zDAUmqC0DBp18dYBEAdoCCN0=
github.com/msolo/go-bis/flock v0.0.0-20181224211903-b2ed2714c115/go.mod h1:eBXhTvx+j7LNRUQY0KlN6RRqvPlmF3P5u7rXvIFqaOM=
github.com/pkg/errors v0.8.0 h1:WdK/asTD0HN+q6hsWO3/vpuAkAr+tw6aNJNDFFf0+qw=
github.com/pkg/errors v0.8.0/go.mod h1:bwawxfHBFNV+L2hUp1rHADufV3IMtnDRdf1r5NINEl0=
github.com/posener/complete v1.2.1 h1:LrvDIY//XNo65Lq84G/akBuMGlawHvGBABv8f/ZN6DI=
github.com/posener/complete v1.2.1/go.mod h1:6gapUrK/U1TAN7ciCoNRIdVC5sbdBTUh1DKN0g6uH7E=
github.com/tebeka/atexit v0.1.0 h1:WfO7KegY+ClcBkFT4vhOEJrOtG8t8J3C2OvtkwpqSTU=
github.com/tebeka/atexit v0.1.0/go.mod h1:fX+4yxf82RGgrtTehYiDck22z8Hi/1ccyCaeAQfBvlQ=
golang.org/x/sync v0.0.0-20181108010431-42b317875d0f h1:Bl/8QSvNqXvPGPGXa2z5xUTmV7VDcZyvRZ+QQXkXTZQ=
golang.org/x/sync v0.0.0-20181108010431-42b317875d0f/go.mod h1:RxMgew5VJxzue5/jJTE5uejpjVlOe/izrB70Jof72aM=
golang.org/x/sys v0.0.0-20181221143128-b4a75ba826a6 h1:IcgEB62HYgAhX0Nd/QrVgZlxlcyxbGQHElLUhW2X4Fo=
golang.org/x/sys v0.0.0-20181221143128-b4a75ba826a6/go.mod h1:STP8DvDyc/dI5b8T5hshtkjS+E42TnysNCUPdjciGhY=
