github.com/hashicorp/errwrap v1.0.0 h1:hLrqtEDnRye3+sgx6z4qVLNuviH3MR5aQ0ykNJa/UYA=
github.com/hashicorp/errwrap v1.0.0/go.mod h1:YH+1FKiLXxHSkmPseP+kNlulaMuP3n2brvKWEqk/Jc4=
github.com/hashicorp/go-multierror v1.0.0 h1:iVjPR7a6H0tWELX5NxNe7bYopibicUzc7uPribsnS6o=
github.com/hashicorp/go-multierror v1.0.0/go.mod h1:dHtQlpGsu+cZNNAkkCN/P3hoUDHhCYQXV3UM06sGGrk=
github.com/mattn/go-isatty v0.0.4 h1:bnP0vzxcAdeI1zdubAl5PjU6zsERjGZb7raWodagDYs=
github.com/mattn/go-isatty v0.0.4/go.mod h1:M+lRXTBqGeGNdLjl/ufCoiOlB5xdOkqRJdNxMWT7Zi4=
github.com/msolo/cmdflag v0.0.0-20190210200038-6764a396fb53 h1:OSU/bzH1Y4vCWSs/caYt25EIaVv5rmVfzAcwO7YCnW8=
github.com/msolo/cmdflag v0.0.0-20190210200038-6764a396fb53/go.mod h1:Iufj4HA13ozsUxojKnhbYUUNQ8wPk5jJM6jUOcf5yzA=
github.com/msolo/go-bis/flock v0.0.0-20190209230805-69405e32f5c6 h1:hWX0XTyOpnymtsIXDuJCAhf7kS0h/9P6ayk5L+Y///Y=
github.com/msolo/go-bis/flock v0.0.0-20190209230805-69405e32f5c6/go.mod h1:eBXhTvx+j7LNRUQY0KlN6RRqvPlmF3P5u7rXvIFqaOM=
github.com/msolo/go-bis/glug v0.0.0-20190209230805-69405e32f5c6 h1:bXDIuXgUn93OLvnZDQBbTnHaEADsqD+4P4degE5NHY4=
github.com/msolo/go-bis/glug v0.0.0-20190209230805-69405e32f5c6/go.mod h1:6FIhOyJlZWqCqg5YMtzolxkp2oNPZ7Kg+HdDsOFcRj4=
github.com/pkg/errors v0.8.1 h1:iURUrRGxPUNPdy5/HRSm+Yj6okJ6UtLINN0Q9M4+h3I=
github.com/pkg/errors v0.8.1/go.mod h1:bwawxfHBFNV+L2hUp1rHADufV3IMtnDRdf1r5NINEl0=
github.com/posener/complete v1.2.1 h1:LrvDIY//XNo65Lq84G/akBuMGlawHvGBABv8f/ZN6DI=
github.com/posener/complete v1.2.1/go.mod h1:6gapUrK/U1TAN7ciCoNRIdVC5sbdBTUh1DKN0g6uH7E=
github.com/tebeka/atexit v0.1.0 h1:WfO7KegY+ClcBkFT4vhOEJrOtG8t8J3C2OvtkwpqSTU=
github.com/tebeka/atexit v0.1.0/go.mod h1:fX+4yxf82RGgrtTehYiDck22z8Hi/1ccyCaeAQfBvlQ=
golang.org/x/sync v0.0.0-20181221193216-37e7f081c4d4 h1:YUO/7uOKsKeq9UokNS62b8FYywz3ker1l1vDZRCRefw=
golang.org/x/sync v0.0.0-20181221193216-37e7f081c4d4/go.mod h1:RxMgew5VJxzue5/jJTE5uejpjVlOe/izrB70Jof72aM=
golang.org/x/sys v0.0.0-20190209173611-3b5209105503 h1:5SvYFrOM3W8Mexn9/oA44Ji7vhXAZQ9hiP+1Q/DMrWg=
golang.org/x/sys v0.0.0-20190209173611-3b5209105503/go.mod h1:STP8DvDyc/dI5b8T5hshtkjS+E42TnysNCUPdjciGhY=
