github.com/davecgh/go-spew v1.1.0 h1:ZDRjVQ15GmhC3fiQ8ni8+OwkZQO4DARzQgrnXU1Liz8=
github.com/davecgh/go-spew v1.1.0/go.mod h1:J7Y8YcW2NihsgmVo/mv3lAwl/skON4iLHjSsI+c5H38=
github.com/hashicorp/errwrap v1.0.0 h1:hLrqtEDnRye3+sgx6z4qVLNuviH3MR5aQ0ykNJa/UYA=
github.com/hashicorp/errwrap v1.0.0/go.mod h1:YH+1FKiLXxHSkmPseP+kNlulaMuP3n2brvKWEqk/Jc4=
github.com/hashicorp/go-multierror v1.0.0 h1:iVjPR7a6H0tWELX5NxNe7bYopibicUzc7uPribsnS6o=
github.com/hashicorp/go-multierror v1.0.0/go.mod h1:dHtQlpGsu+cZNNAkkCN/P3hoUDHhCYQXV3UM06sGGrk=
github.com/mattn/go-isatty v0.0.12 h1:wuysRhFDzyxgEmMf5xjvJ2M9dZoWAXNNr5LSBS7uHXY=
github.com/mattn/go-isatty v0.0.12/go.mod h1:cbi8OIDigv2wuxKPP5vlRcQ1OAZbq2CE4Kysco4FUpU=
github.com/msolo/cmdflag v0.0.0-20190210200038-6764a396fb53 h1:OSU/bzH1Y4vCWSs/caYt25EIaVv5rmVfzAcwO7YCnW8=
github.com/msolo/cmdflag v0.0.0-20190210200038-6764a396fb53/go.mod h1:Iufj4HA13ozsUxojKnhbYUUNQ8wPk5jJM6jUOcf5yzA=
github.com/msolo/go-bis/flock v0.0.0-20191101065341-2a5026438708 h1:TK9kJoVKQfnA5Ro26xq1/zRmw31OgW+iZesQbL47tD0=
github.com/msolo/go-bis/flock v0.0.0-20191101065341-2a5026438708/go.mod h1:eBXhTvx+j7LNRUQY0KlN6RRqvPlmF3P5u7rXvIFqaOM=
github.com/msolo/go-bis/glug v0.0.0-20191130031305-a08461dd90e6 h1:h0akwkQwhIYf9XlbgRiSUwX2QjarbxDdxw0rroIPrjw=
github.com/msolo/go-bis/glug v0.0.0-20191130031305-a08461dd90e6/go.mod h1:3LsZVZ6nXL6H0eskaEScYmkvsN31ZG7D5u412kuww34=
github.com/msolo/jsonr v0.0.0-20231027080226-097442d63739 h1:heX2lXjzTIbqhqE07wRIkIcO2iO+6elqCyVXRUpzFtQ=
github.com/msolo/jsonr v0.0.0-20231027080226-097442d63739/go.mod h1:6qRblG2m4u2fk3x59GT4awRlwvZbnZ3P1RmFZrDjVwk=
github.com/pkg/errors v0.8.1 h1:iURUrRGxPUNPdy5/HRSm+Yj6okJ6UtLINN0Q9M4+h3I=
github.com/pkg/errors v0.8.1/go.mod h1:bwawxfHBFNV+L2hUp1rHADufV3IMtnDRdf1r5NINEl0=
github.com/pmezard/go-difflib v1.0.0 h1:4DBwDE0NGyQoBHbLQYPwSUPoCMWR5BEzIk/f1lZbAQM=
github.com/pmezard/go-difflib v1.0.0/go.mod h1:iKH77koFhYxTK1pcRnkKkqfTogsbg7gZNVY4sRDYZ/4=
github.com/posener/complete v1.2.1 h1:LrvDIY//XNo65Lq84G/akBuMGlawHvGBABv8f/ZN6DI=
github.com/posener/complete v1.2.1/go.mod h1:6gapUrK/U1TAN7ciCoNRIdVC5sbdBTUh1DKN0g6uH7E=
github.com/posener/complete/v2 v2.0.1-alpha.12 h1:0wvkuDfHb5vSZlNBYgpEH4XQHpF46MjLPHav8XC77Nc=
github.com/posener/complete/v2 v2.0.1-alpha.12/go.mod h1://JlL91cS2JV7rOl6LVHrRqBXoBUecJu3ILQPgbJiMQ=
github.com/posener/script v1.0.4 h1:nSuXW5ZdmFnQIueLB2s0qvs4oNsUloM1Zydzh75v42w=
github.com/posener/script v1.0.4/go.mod h1:Rg3ijooqulo05aGLyGsHoLmIOUzHUVK19WVgrYBPU/E=
github.com/stretchr/objx v0.1.0/go.mod h1:HFkY916IF+rwdDfMAkV7OtwuqBVzrE8GR6GFx+wExME=
github.com/stretchr/testify v1.4.0 h1:2E4SXV/wtOkTonXsotYi4li6zVWxYlZuYNCXe9XRJyk=
github.com/stretchr/testify v1.4.0/go.mod h1:j7eGeouHqKxXV5pUuKE4zz7dFj8WfuZ+81PSLYec5m4=
github.com/tebeka/atexit v0.1.0 h1:WfO7KegY+ClcBkFT4vhOEJrOtG8t8J3C2OvtkwpqSTU=
github.com/tebeka/atexit v0.1.0/go.mod h1:fX+4yxf82RGgrtTehYiDck22z8Hi/1ccyCaeAQfBvlQ=
golang.org/x/sync v0.0.0-20190911185100-cd5d95a43a6e h1:vcxGaoTs7kV8m5Np9uUNQin4BrLOthgV7252N8V+FwY=
golang.org/x/sync v0.0.0-20190911185100-cd5d95a43a6e/go.mod h1:RxMgew5VJxzue5/jJTE5uejpjVlOe/izrB70Jof72aM=
golang.org/x/sys v0.0.0-20200116001909-b77594299b42 h1:vEOn+mP2zCOVzKckCZy6YsCtDblrpj/w7B9nxGNELpg=
golang.org/x/sys v0.0.0-20200116001909-b77594299b42/go.mod h1:h1NjWce9XRLGQEsW7wpKNCjG9DtNlClVuFLEZdDNbEs=
gopkg.in/check.v1 v0.0.0-20161208181325-20d25e280405 h1:yhCVgyC4o1eVCa2tZl7eS0r+SDo693bJlVdllGtEeKM=
gopkg.in/check.v1 v0.0.0-20161208181325-20d25e280405/go.mod h1:Co6ibVJAznAaIkqp8huTwlJQCZ016jof/cbN4VW5Yz0=
gopkg.in/yaml.v2 v2.2.2 h1:ZCJp+EgiOT7lHqUV2J862kp8Qj64Jo6az82+3Td9dZw=
gopkg.in/yaml.v2 v2.2.2/go.mod h1:hI93XBmqTisBFMUTm0b8Fm+jr3Dg1NNxqwp+5A1VGuI=
