github.com/hashicorp/errwrap v1.0.0 h1:hLrqtEDnRye3+sgx6z4qVLNuviH3MR5aQ0ykNJa/UYA=
github.com/hashicorp/errwrap v1.0.0/go.mod h1:YH+1FKiLXxHSkmPseP+kNlulaMuP3n2brvKWEqk/Jc4=
github.com/hashicorp/go-multierror v1.0.0 h1:iVjPR7a6H0tWELX5NxNe7bYopibicUzc7uPribsnS6o=
github.com/hashicorp/go-multierror v1.0.0/go.mod h1:dHtQlpGsu+cZNNAkkCN/P3hoUDHhCYQXV3UM06sGGrk=
github.com/mattn/go-isatty v0.0.10 h1:qxFzApOv4WsAL965uUPIsXzAKCZxN2p9UqdhFS4ZW10=
github.com/mattn/go-isatty v0.0.10/go.mod h1:qgIWMr58cqv1PHHyhnkY9lrL7etaEgOFcMEpPG5Rm84=
github.com/msolo/cmdflag v0.0.0-20190210200038-6764a396fb53 h1:OSU/bzH1Y4vCWSs/caYt25EIaVv5rmVfzAcwO7YCnW8=
github.com/msolo/cmdflag v0.0.0-20190210200038-6764a396fb53/go.mod h1:Iufj4HA13ozsUxojKnhbYUUNQ8wPk5jJM6jUOcf5yzA=
github.com/msolo/go-bis/flock v0.0.0-20191101065341-2a5026438708 h1:TK9kJoVKQfnA5Ro26xq1/zRmw31OgW+iZesQbL47tD0=
github.com/msolo/go-bis/flock v0.0.0-20191101065341-2a5026438708/go.mod h1:eBXhTvx+j7LNRUQY0KlN6RRqvPlmF3P5u7rXvIFqaOM=
github.com/msolo/go-bis/glug v0.0.0-20191130031305-a08461dd90e6 h1:h0akwkQwhIYf9XlbgRiSUwX2QjarbxDdxw0rroIPrjw=
github.com/msolo/go-bis/glug v0.0.0-20191130031305-a08461dd90e6/go.mod h1:3LsZVZ6nXL6H0eskaEScYmkvsN31ZG7D5u412kuww34=
github.com/msolo/jsonc v0.0.0-20200906194452-9ff75078c8c4 h1:nNMbb5xoEyP1NCrJymI9ViNjxm2iJ6RFRPaD2n45/a4=
github.com/msolo/jsonc v0.0.0-20200906194452-9ff75078c8c4/go.mod h1:Voq9jAvbsJz+i3o9DjSKph2J+Ipr6yyLoEchYZUFnH8=
github.com/pkg/errors v0.8.1 h1:iURUrRGxPUNPdy5/HRSm+Yj6okJ6UtLINN0Q9M4+h3I=
github.com/pkg/errors v0.8.1/go.mod h1:bwawxfHBFNV+L2hUp1rHADufV3IMtnDRdf1r5NINEl0=
github.com/posener/complete v1.2.1 h1:LrvDIY//XNo65Lq84G/akBuMGlawHvGBABv8f/ZN6DI=
github.com/posener/complete v1.2.1/go.mod h1:6gapUrK/U1TAN7ciCoNRIdVC5sbdBTUh1DKN0g6uH7E=
github.com/tebeka/atexit v0.1.0 h1:WfO7KegY+ClcBkFT4vhOEJrOtG8t8J3C2OvtkwpqSTU=
github.com/tebeka/atexit v0.1.0/go.mod h1:fX+4yxf82RGgrtTehYiDck22z8Hi/1ccyCaeAQfBvlQ=
golang.org/x/sync v0.0.0-20190911185100-cd5d95a43a6e h1:vcxGaoTs7kV8m5Np9uUNQin4BrLOthgV7252N8V+FwY=
golang.org/x/sync v0.0.0-20190911185100-cd5d95a43a6e/go.mod h1:RxMgew5VJxzue5/jJTE5uejpjVlOe/izrB70Jof72aM=
golang.org/x/sys v0.0.0-20191008105621-543471e840be h1:QAcqgptGM8IQBC9K/RC4o+O9YmqEm0diQn9QmZw/0mU=
golang.org/x/sys v0.0.0-20191008105621-543471e840be/go.mod h1:h1NjWce9XRLGQEsW7wpKNCjG9DtNlClVuFLEZdDNbEs=
